dependencies:
  espressif/button:
    component_hash: 30a3f495c3862d505ce6e41adbbd218b2750e9723ab2151feff00e9fe685b326
    dependencies:
    - name: espressif/cmake_utilities
      registry_url: https://components.espressif.com
      require: private
      version: 0.*
    - name: idf
      require: private
      version: '>=4.0'
    source:
      registry_url: https://components.espressif.com
      type: service
    version: 3.5.0
  espressif/cmake_utilities:
    component_hash: 351350613ceafba240b761b4ea991e0f231ac7a9f59a9ee901f751bddc0bb18f
    dependencies:
    - name: idf
      require: private
      version: '>=4.1'
    source:
      registry_url: https://components.espressif.com
      type: service
    version: 0.5.3
  espressif/esp-nn:
    component_hash: e98a7dd3dfde460b1b4ca982e2ebae0b4831719a8e4659d19c145943deaf682b
    dependencies:
    - name: idf
      require: private
      version: '>=4.2'
    source:
      registry_url: https://components.espressif.com/
      type: service
    version: 1.2.3
  espressif/esp-tflite-micro:
    dependencies:
    - name: idf
      version: '>=5.0'
    - name: espressif/esp-nn
      version: '>=1.1.1'
    source:
      path: C:\Users\cgraz\OneDrive\Documentos\esp-tflite-micro
      type: local
    version: '*'
  espressif/esp32-camera:
    component_hash: a4612fc70434dc400ac7021727fae7b53fabd8d07951833e61f6bd87cadc1b93
    dependencies:
    - name: espressif/esp_jpeg
      registry_url: https://components.espressif.com
      require: public
      version: ^1.3.0
    source:
      registry_url: https://components.espressif.com/
      type: service
    version: 2.0.16
  espressif/esp32_s3_eye:
    component_hash: ede345bfdcd4054fccefe0508dd87382fb29c20af6a43c782d8162ec7a0c27a6
    dependencies:
    - name: espressif/button
      registry_url: https://components.espressif.com
      require: public
      version: '>=2.5,<4.0'
    - name: espressif/esp32-camera
      registry_url: https://components.espressif.com
      require: public
      version: ^2.0.13
    - name: espressif/esp_codec_dev
      registry_url: https://components.espressif.com
      require: public
      version: ~1.3.1
    - name: espressif/esp_lvgl_port
      registry_url: https://components.espressif.com
      require: public
      version: ^2
    - name: idf
      require: private
      version: '>=5.4'
    - name: espressif/qma6100p
      registry_url: https://components.espressif.com
      require: public
      version: ^2
    source:
      registry_url: https://components.espressif.com/
      type: service
    targets:
    - esp32s3
    version: 4.0.2
  espressif/esp_codec_dev:
    component_hash: 420a8a931f8bdfc74ae89c4d2ce634823d10e1865b1e9bdb8428bfe4a1060def
    dependencies:
    - name: idf
      require: private
      version: '>=4.0'
    source:
      registry_url: https://components.espressif.com
      type: service
    version: 1.3.6
  espressif/esp_jpeg:
    component_hash: defb83669293cbf86d0fa86b475ba5517aceed04ed70db435388c151ab37b5d7
    dependencies:
    - name: idf
      require: private
      version: '>=5.0'
    source:
      registry_url: https://components.espressif.com
      type: service
    version: 1.3.1
  espressif/esp_lvgl_port:
    component_hash: fb6c1fdfe70d4ca39a035d63ca394a35f17ec84ce16ff98ecb13a54155d75da4
    dependencies:
    - name: idf
      require: private
      version: '>=5.2'
    - name: lvgl/lvgl
      registry_url: https://components.espressif.com
      require: public
      version: '>=8,<10'
    source:
      registry_url: https://components.espressif.com
      type: service
    version: 2.8.0~1
  espressif/qma6100p:
    component_hash: b1215da35b176fa7cf713c42d5b1860d9b4379aa15c2f8a0ca29038619858e38
    dependencies:
    - name: espressif/cmake_utilities
      registry_url: https://components.espressif.com
      require: private
      version: 0.*
    - name: idf
      require: private
      version: '>=5.2'
    source:
      registry_url: https://components.espressif.com
      type: service
    version: 2.0.1
  idf:
    source:
      type: idf
    version: 5.4.2
  lvgl/lvgl:
    component_hash: 184e532558c1c45fefed631f3e235423d22582aafb4630f3e8885c35281a49ae
    dependencies: []
    source:
      registry_url: https://components.espressif.com
      type: service
    version: 9.5.0
direct_dependencies:
- espressif/esp-tflite-micro
- espressif/esp32-camera
- espressif/esp32_s3_eye
manifest_hash: 5a6ed7a8adea15a9e63ecdea5b0cb6b8f469da8cc445920f49b5730d1bbf7854
target: esp32s3
version: 2.0.0
